
Microsoft Visual Studio Solution File, Format Version 12.00
# Visual Studio Version 17
VisualStudioVersion = 17.7.34009.444
MinimumVisualStudioVersion = 10.0.40219.1
Project("{FAE04EC0-301F-11D3-BF4B-00C04F79EFBC}") = "repeat", "repeat.csproj", "{A3AEB11C-E247-445A-A02C-97F8E2088122}"
EndProject
Global
	GlobalSection(SolutionConfigurationPlatforms) = preSolution
		Debug|Any CPU = Debug|Any CPU
		Release|Any CPU = Release|Any CPU
	EndGlobalSection
	GlobalSection(ProjectConfigurationPlatforms) = postSolution
		{A3AEB11C-E247-445A-A02C-97F8E2088122}.Debug|Any CPU.ActiveCfg = Debug|Any CPU
		{A3AEB11C-E247-445A-A02C-97F8E2088122}.Debug|Any CPU.Build.0 = Debug|Any CPU
		{A3AEB11C-E247-445A-A02C-97F8E2088122}.Release|Any CPU.ActiveCfg = Release|Any CPU
		{A3AEB11C-E247-445A-A02C-97F8E2088122}.Release|Any CPU.Build.0 = Release|Any CPU
	EndGlobalSection
	GlobalSection(SolutionProperties) = preSolution
		HideSolutionNode = FALSE
	EndGlobalSection
	GlobalSection(ExtensibilityGlobals) = postSolution
		SolutionGuid = {E3977430-3A05-4CA4-9C05-10DAC5FE6FA2}
	EndGlobalSection
EndGlobal
